
Microsoft Visual Studio Solution File, Format Version 12.00
# Visual Studio Version 17
VisualStudioVersion = 17.8.34330.188
MinimumVisualStudioVersion = 10.0.40219.1
Project("{FAE04EC0-301F-11D3-BF4B-00C04F79EFBC}") = "MyDigiBooth", "MyDigiBooth\MyDigiBooth.csproj", "{5E5F9201-D90E-4422-9A15-F0F34778313B}"
EndProject
Global
	GlobalSection(SolutionConfigurationPlatforms) = preSolution
		Debug|Any CPU = Debug|Any CPU
		Release|Any CPU = Release|Any CPU
	EndGlobalSection
	GlobalSection(ProjectConfigurationPlatforms) = postSolution
		{5E5F9201-D90E-4422-9A15-F0F34778313B}.Debug|Any CPU.ActiveCfg = Debug|Any CPU
		{5E5F9201-D90E-4422-9A15-F0F34778313B}.Debug|Any CPU.Build.0 = Debug|Any CPU
		{5E5F9201-D90E-4422-9A15-F0F34778313B}.Release|Any CPU.ActiveCfg = Release|Any CPU
		{5E5F9201-D90E-4422-9A15-F0F34778313B}.Release|Any CPU.Build.0 = Release|Any CPU
	EndGlobalSection
	GlobalSection(SolutionProperties) = preSolution
		HideSolutionNode = FALSE
	EndGlobalSection
	GlobalSection(ExtensibilityGlobals) = postSolution
		SolutionGuid = {F04A086A-48A4-4974-BF5F-B7BB49C4B05A}
	EndGlobalSection
EndGlobal
